// !$*UTF8*$!
{
	archiveVersion = 1;
	classes = {
	};
	objectVersion = 46;
	objects = {

/* Begin PBXBuildFile section */
		957AF4DF1DD7024F004F958D /* AppDelegate.swift in Sources */ = {isa = PBXBuildFile; fileRef = 957AF4DE1DD7024F004F958D /* AppDelegate.swift */; };
		957AF4E11DD7024F004F958D /* CameraViewController.swift in Sources */ = {isa = PBXBuildFile; fileRef = 957AF4E01DD7024F004F958D /* CameraViewController.swift */; };
		957AF4E41DD7024F004F958D /* Main.storyboard in Resources */ = {isa = PBXBuildFile; fileRef = 957AF4E21DD7024F004F958D /* Main.storyboard */; };
		957AF4E61DD7024F004F958D /* Assets.xcassets in Resources */ = {isa = PBXBuildFile; fileRef = 957AF4E51DD7024F004F958D /* Assets.xcassets */; };
		957AF4E91DD7024F004F958D /* LaunchScreen.storyboard in Resources */ = {isa = PBXBuildFile; fileRef = 957AF4E71DD7024F004F958D /* LaunchScreen.storyboard */; };
		957AF4F11DD77B2D004F958D /* PHPhotoLibraryExtension.swift in Sources */ = {isa = PBXBuildFile; fileRef = 957AF4F01DD77B2D004F958D /* PHPhotoLibraryExtension.swift */; };
/* End PBXBuildFile section */

/* Begin PBXFileReference section */
		957AF4DB1DD7024F004F958D /* Hypercron.app */ = {isa = PBXFileReference; explicitFileType = wrapper.application; includeInIndex = 0; path = Hypercron.app; sourceTree = BUILT_PRODUCTS_DIR; };
		957AF4DE1DD7024F004F958D /* AppDelegate.swift */ = {isa = PBXFileReference; lastKnownFileType = sourcecode.swift; path = AppDelegate.swift; sourceTree = "<group>"; };
		957AF4E01DD7024F004F958D /* CameraViewController.swift */ = {isa = PBXFileReference; lastKnownFileType = sourcecode.swift; path = CameraViewController.swift; sourceTree = "<group>"; };
		957AF4E31DD7024F004F958D /* Base */ = {isa = PBXFileReference; lastKnownFileType = file.storyboard; name = Base; path = Base.lproj/Main.storyboard; sourceTree = "<group>"; };
		957AF4E51DD7024F004F958D /* Assets.xcassets */ = {isa = PBXFileReference; lastKnownFileType = folder.assetcatalog; path = Assets.xcassets; sourceTree = "<group>"; };
		957AF4E81DD7024F004F958D /* Base */ = {isa = PBXFileReference; lastKnownFileType = file.storyboard; name = Base; path = Base.lproj/LaunchScreen.storyboard; sourceTree = "<group>"; };
		957AF4EA1DD7024F004F958D /* Info.plist */ = {isa = PBXFileReference; lastKnownFileType = text.plist.xml; path = Info.plist; sourceTree = "<group>"; };
		957AF4F01DD77B2D004F958D /* PHPhotoLibraryExtension.swift */ = {isa = PBXFileReference; fileEncoding = 4; lastKnownFileType = sourcecode.swift; path = PHPhotoLibraryExtension.swift; sourceTree = "<group>"; };
/* End PBXFileReference section */

/* Begin PBXFrameworksBuildPhase section */
		957AF4D81DD7024F004F958D /* Frameworks */ = {
			isa = PBXFrameworksBuildPhase;
			buildActionMask = 2147483647;
			files = (
			);
			runOnlyForDeploymentPostprocessing = 0;
		};
/* End PBXFrameworksBuildPhase section */

/* Begin PBXGroup section */
		957AF4D21DD7024F004F958D = {
			isa = PBXGroup;
			children = (
				957AF4DD1DD7024F004F958D /* Hypercron */,
				957AF4DC1DD7024F004F958D /* Products */,
			);
			sourceTree = "<group>";
		};
		957AF4DC1DD7024F004F958D /* Products */ = {
			isa = PBXGroup;
			children = (
				957AF4DB1DD7024F004F958D /* Hypercron.app */,
			);
			name = Products;
			sourceTree = "<group>";
		};
		957AF4DD1DD7024F004F958D /* Hypercron */ = {
			isa = PBXGroup;
			children = (
				957AF4DE1DD7024F004F958D /* AppDelegate.swift */,
				957AF4E01DD7024F004F958D /* CameraViewController.swift */,
				957AF4E21DD7024F004F958D /* Main.storyboard */,
				957AF4E51DD7024F004F958D /* Assets.xcassets */,
				957AF4E71DD7024F004F958D /* LaunchScreen.storyboard */,
				957AF4EA1DD7024F004F958D /* Info.plist */,
				957AF4F01DD77B2D004F958D /* PHPhotoLibraryExtension.swift */,
			);
			path = Hypercron;
			sourceTree = "<group>";
		};
/* End PBXGroup section */

/* Begin PBXNativeTarget section */
		957AF4DA1DD7024F004F958D /* Hypercron */ = {
			isa = PBXNativeTarget;
			buildConfigurationList = 957AF4ED1DD7024F004F958D /* Build configuration list for PBXNativeTarget "Hypercron" */;
			buildPhases = (
				957AF4D71DD7024F004F958D /* Sources */,
				957AF4D81DD7024F004F958D /* Frameworks */,
				957AF4D91DD7024F004F958D /* Resources */,
			);
			buildRules = (
			);
			dependencies = (
			);
			name = Hypercron;
			productName = Hypercron;
			productReference = 957AF4DB1DD7024F004F958D /* Hypercron.app */;
			productType = "com.apple.product-type.application";
		};
/* End PBXNativeTarget section */

/* Begin PBXProject section */
		957AF4D31DD7024F004F958D /* Project object */ = {
			isa = PBXProject;
			attributes = {
				LastSwiftUpdateCheck = 0810;
				LastUpgradeCheck = 0810;
				ORGANIZATIONNAME = "Dennis Beatty";
				TargetAttributes = {
					957AF4DA1DD7024F004F958D = {
						CreatedOnToolsVersion = 8.1;
						DevelopmentTeam = QQWWMCLZJZ;
						ProvisioningStyle = Automatic;
					};
				};
			};
			buildConfigurationList = 957AF4D61DD7024F004F958D /* Build configuration list for PBXProject "Hypercron" */;
			compatibilityVersion = "Xcode 3.2";
			developmentRegion = English;
			hasScannedForEncodings = 0;
			knownRegions = (
				en,
				Base,
			);
			mainGroup = 957AF4D21DD7024F004F958D;
			productRefGroup = 957AF4DC1DD7024F004F958D /* Products */;
			projectDirPath = "";
			projectRoot = "";
			targets = (
				957AF4DA1DD7024F004F958D /* Hypercron */,
			);
		};
/* End PBXProject section */

/* Begin PBXResourcesBuildPhase section */
		957AF4D91DD7024F004F958D /* Resources */ = {
			isa = PBXResourcesBuildPhase;
			buildActionMask = 2147483647;
			files = (
				957AF4E91DD7024F004F958D /* LaunchScreen.storyboard in Resources */,
				957AF4E61DD7024F004F958D /* Assets.xcassets in Resources */,
				957AF4E41DD7024F004F958D /* Main.storyboard in Resources */,
			);
			runOnlyForDeploymentPostprocessing = 0;
		};
/* End PBXResourcesBuildPhase section */

/* Begin PBXSourcesBuildPhase section */
		957AF4D71DD7024F004F958D /* Sources */ = {
			isa = PBXSourcesBuildPhase;
			buildActionMask = 2147483647;
			files = (
				957AF4F11DD77B2D004F958D /* PHPhotoLibraryExtension.swift in Sources */,
				957AF4E11DD7024F004F958D /* CameraViewController.swift in Sources */,
				957AF4DF1DD7024F004F958D /* AppDelegate.swift in Sources */,
			);
			runOnlyForDeploymentPostprocessing = 0;
		};
/* End PBXSourcesBuildPhase section */

/* Begin PBXVariantGroup section */
		957AF4E21DD7024F004F958D /* Main.storyboard */ = {
			isa = PBXVariantGroup;
			children = (
				957AF4E31DD7024F004F958D /* Base */,
			);
			name = Main.storyboard;
			sourceTree = "<group>";
		};
		957AF4E71DD7024F004F958D /* LaunchScreen.storyboard */ = {
			isa = PBXVariantGroup;
			children = (
				957AF4E81DD7024F004F958D /* Base */,
			);
			name = LaunchScreen.storyboard;
			sourceTree = "<group>";
		};
/* End PBXVariantGroup section */

/* Begin XCBuildConfiguration section */
		957AF4EB1DD7024F004F958D /* Debug */ = {
			isa = XCBuildConfiguration;
			buildSettings = {
				ALWAYS_SEARCH_USER_PATHS = NO;
				CLANG_ANALYZER_NONNULL = YES;
				CLANG_CXX_LANGUAGE_STANDARD = "gnu++0x";
				CLANG_CXX_LIBRARY = "libc++";
				CLANG_ENABLE_MODULES = YES;
				CLANG_ENABLE_OBJC_ARC = YES;
				CLANG_WARN_BOOL_CONVERSION = YES;
				CLANG_WARN_CONSTANT_CONVERSION = YES;
				CLANG_WARN_DIRECT_OBJC_ISA_USAGE = YES_ERROR;
				CLANG_WARN_DOCUMENTATION_COMMENTS = YES;
				CLANG_WARN_EMPTY_BODY = YES;
				CLANG_WARN_ENUM_CONVERSION = YES;
				CLANG_WARN_INFINITE_RECURSION = YES;
				CLANG_WARN_INT_CONVERSION = YES;
				CLANG_WARN_OBJC_ROOT_CLASS = YES_ERROR;
				CLANG_WARN_SUSPICIOUS_MOVES = YES;
				CLANG_WARN_UNREACHABLE_CODE = YES;
				CLANG_WARN__DUPLICATE_METHOD_MATCH = YES;
				"CODE_SIGN_IDENTITY[sdk=iphoneos*]" = "iPhone Developer";
				COPY_PHASE_STRIP = NO;
				DEBUG_INFORMATION_FORMAT = dwarf;
				ENABLE_STRICT_OBJC_MSGSEND = YES;
				ENABLE_TESTABILITY = YES;
				GCC_C_LANGUAGE_STANDARD = gnu99;
				GCC_DYNAMIC_NO_PIC = NO;
				GCC_NO_COMMON_BLOCKS = YES;
				GCC_OPTIMIZATION_LEVEL = 0;
				GCC_PREPROCESSOR_DEFINITIONS = (
					"DEBUG=1",
					"$(inherited)",
				);
				GCC_WARN_64_TO_32_BIT_CONVERSION = YES;
				GCC_WARN_ABOUT_RETURN_TYPE = YES_ERROR;
				GCC_WARN_UNDECLARED_SELECTOR = YES;
				GCC_WARN_UNINITIALIZED_AUTOS = YES_AGGRESSIVE;
				GCC_WARN_UNUSED_FUNCTION = YES;
				GCC_WARN_UNUSED_VARIABLE = YES;
				IPHONEOS_DEPLOYMENT_TARGET = 10.1;
				MTL_ENABLE_DEBUG_INFO = YES;
				ONLY_ACTIVE_ARCH = YES;
				SDKROOT = iphoneos;
				SWIFT_ACTIVE_COMPILATION_CONDITIONS = DEBUG;
				SWIFT_OPTIMIZATION_LEVEL = "-Onone";
			};
			name = Debug;
		};
		957AF4EC1DD7024F004F958D /* Release */ = {
			isa = XCBuildConfiguration;
			buildSettings = {
				ALWAYS_SEARCH_USER_PATHS = NO;
				CLANG_ANALYZER_NONNULL = YES;
				CLANG_CXX_LANGUAGE_STANDARD = "gnu++0x";
				CLANG_CXX_LIBRARY = "libc++";
				CLANG_ENABLE_MODULES = YES;
				CLANG_ENABLE_OBJC_ARC = YES;
				CLANG_WARN_BOOL_CONVERSION = YES;
				CLANG_WARN_CONSTANT_CONVERSION = YES;
				CLANG_WARN_DIRECT_OBJC_ISA_USAGE = YES_ERROR;
				CLANG_WARN_DOCUMENTATION_COMMENTS = YES;
				CLANG_WARN_EMPTY_BODY = YES;
				CLANG_WARN_ENUM_CONVERSION = YES;
				CLANG_WARN_INFINITE_RECURSION = YES;
				CLANG_WARN_INT_CONVERSION = YES;
				CLANG_WARN_OBJC_ROOT_CLASS = YES_ERROR;
				CLANG_WARN_SUSPICIOUS_MOVES = YES;
				CLANG_WARN_UNREACHABLE_CODE = YES;
				CLANG_WARN__DUPLICATE_METHOD_MATCH = YES;
				"CODE_SIGN_IDENTITY[sdk=iphoneos*]" = "iPhone Developer";
				COPY_PHASE_STRIP = NO;
				DEBUG_INFORMATION_FORMAT = "dwarf-with-dsym";
				ENABLE_NS_ASSERTIONS = NO;
				ENABLE_STRICT_OBJC_MSGSEND = YES;
				GCC_C_LANGUAGE_STANDARD = gnu99;
				GCC_NO_COMMON_BLOCKS = YES;
				GCC_WARN_64_TO_32_BIT_CONVERSION = YES;
				GCC_WARN_ABOUT_RETURN_TYPE = YES_ERROR;
				GCC_WARN_UNDECLARED_SELECTOR = YES;
				GCC_WARN_UNINITIALIZED_AUTOS = YES_AGGRESSIVE;
				GCC_WARN_UNUSED_FUNCTION = YES;
				GCC_WARN_UNUSED_VARIABLE = YES;
				IPHONEOS_DEPLOYMENT_TARGET = 10.1;
				MTL_ENABLE_DEBUG_INFO = NO;
				SDKROOT = iphoneos;
				SWIFT_OPTIMIZATION_LEVEL = "-Owholemodule";
				VALIDATE_PRODUCT = YES;
			};
			name = Release;
		};
		957AF4EE1DD7024F004F958D /* Debug */ = {
			isa = XCBuildConfiguration;
			buildSettings = {
				ASSETCATALOG_COMPILER_APPICON_NAME = AppIcon;
				DEVELOPMENT_TEAM = QQWWMCLZJZ;
				INFOPLIST_FILE = Hypercron/Info.plist;
				IPHONEOS_DEPLOYMENT_TARGET = 10.0;
				LD_RUNPATH_SEARCH_PATHS = "$(inherited) @executable_path/Frameworks";
				PRODUCT_BUNDLE_IDENTIFIER = com.dennisbeatty.Hypercron;
				PRODUCT_NAME = "$(TARGET_NAME)";
				SWIFT_VERSION = 3.0;
			};
			name = Debug;
		};
		957AF4EF1DD7024F004F958D /* Release */ = {
			isa = XCBuildConfiguration;
			buildSettings = {
				ASSETCATALOG_COMPILER_APPICON_NAME = AppIcon;
				DEVELOPMENT_TEAM = QQWWMCLZJZ;
				INFOPLIST_FILE = Hypercron/Info.plist;
				IPHONEOS_DEPLOYMENT_TARGET = 10.0;
				LD_RUNPATH_SEARCH_PATHS = "$(inherited) @executable_path/Frameworks";
				PRODUCT_BUNDLE_IDENTIFIER = com.dennisbeatty.Hypercron;
				PRODUCT_NAME = "$(TARGET_NAME)";
				SWIFT_VERSION = 3.0;
			};
			name = Release;
		};
/* End XCBuildConfiguration section */

/* Begin XCConfigurationList section */
		957AF4D61DD7024F004F958D /* Build configuration list for PBXProject "Hypercron" */ = {
			isa = XCConfigurationList;
			buildConfigurations = (
				957AF4EB1DD7024F004F958D /* Debug */,
				957AF4EC1DD7024F004F958D /* Release */,
			);
			defaultConfigurationIsVisible = 0;
			defaultConfigurationName = Release;
		};
		957AF4ED1DD7024F004F958D /* Build configuration list for PBXNativeTarget "Hypercron" */ = {
			isa = XCConfigurationList;
			buildConfigurations = (
				957AF4EE1DD7024F004F958D /* Debug */,
				957AF4EF1DD7024F004F958D /* Release */,
			);
			defaultConfigurationIsVisible = 0;
			defaultConfigurationName = Release;
		};
/* End XCConfigurationList section */
	};
	rootObject = 957AF4D31DD7024F004F958D /* Project object */;
}
